{
  "name": "foodblog2022",
  "lockfileVersion": 2,
  "requires": true,
  "packages": {
    "": {
      "dependencies": {
        "tinymce": "^6.1.0"
      }
    },
    "node_modules/tinymce": {
      "version": "6.1.0",
      "resolved": "https://registry.npmjs.org/tinymce/-/tinymce-6.1.0.tgz",
      "integrity": "sha512-IdSdMlmuyhpEpUuabhBUaRC2NzZZxP2/CO/F+/54kTaAifB1Et5mKEty03pJYZxl6GBdFgclKRA2UU5JKJtJbA=="
    }
  },
  "dependencies": {
    "tinymce": {
      "version": "6.1.0",
      "resolved": "https://registry.npmjs.org/tinymce/-/tinymce-6.1.0.tgz",
      "integrity": "sha512-IdSdMlmuyhpEpUuabhBUaRC2NzZZxP2/CO/F+/54kTaAifB1Et5mKEty03pJYZxl6GBdFgclKRA2UU5JKJtJbA=="
    }
  }
}
