{
  "name": "foodblog2022",
  "lockfileVersion": 2,
  "requires": true,
  "packages": {
    "": {
      "dependencies": {
        "bulma-social": "^2.1.0",
        "tinymce": "^6.1.0"
      }
    },
    "node_modules/bulma-social": {
      "version": "2.1.0",
      "resolved": "https://registry.npmjs.org/bulma-social/-/bulma-social-2.1.0.tgz",
      "integrity": "sha512-G03NjzdH/o2fA9VR2FvORx1NblOCpGqhpDtMRQUX53hv3l+qpuzUiNfcv+OLLGOtwDuLRGfhzUEaBJ73i8OnBQ=="
    },
    "node_modules/tinymce": {
      "version": "6.1.0",
      "resolved": "https://registry.npmjs.org/tinymce/-/tinymce-6.1.0.tgz",
      "integrity": "sha512-IdSdMlmuyhpEpUuabhBUaRC2NzZZxP2/CO/F+/54kTaAifB1Et5mKEty03pJYZxl6GBdFgclKRA2UU5JKJtJbA=="
    }
  },
  "dependencies": {
    "bulma-social": {
      "version": "2.1.0",
      "resolved": "https://registry.npmjs.org/bulma-social/-/bulma-social-2.1.0.tgz",
      "integrity": "sha512-G03NjzdH/o2fA9VR2FvORx1NblOCpGqhpDtMRQUX53hv3l+qpuzUiNfcv+OLLGOtwDuLRGfhzUEaBJ73i8OnBQ=="
    },
    "tinymce": {
      "version": "6.1.0",
      "resolved": "https://registry.npmjs.org/tinymce/-/tinymce-6.1.0.tgz",
      "integrity": "sha512-IdSdMlmuyhpEpUuabhBUaRC2NzZZxP2/CO/F+/54kTaAifB1Et5mKEty03pJYZxl6GBdFgclKRA2UU5JKJtJbA=="
    }
  }
}
